
Microsoft Visual Studio Solution File, Format Version 12.00
# Visual Studio Version 16
VisualStudioVersion = 16.0.31410.357
MinimumVisualStudioVersion = 10.0.40219.1
Project("{FAE04EC0-301F-11D3-BF4B-00C04F79EFBC}") = "VolvoCar.Application", "VolvoCar.Application\VolvoCar.Application.csproj", "{56FED0C7-4094-4DC9-A4A1-B85408693ADC}"
EndProject
Project("{2150E333-8FDC-42A3-9474-1A3956D46DE8}") = "VolvoCar.Domain", "VolvoCar.Domain", "{F2DF0250-CBAA-47EB-AAD6-09F75FA719D9}"
EndProject
Project("{FAE04EC0-301F-11D3-BF4B-00C04F79EFBC}") = "VolvoCar.Domain", "VolvoCar.Domain\VolvoCar.Domain\VolvoCar.Domain.csproj", "{9AB79AE5-FDEF-4B88-AC35-291A7329EBF5}"
EndProject
Project("{2150E333-8FDC-42A3-9474-1A3956D46DE8}") = "VolvoCar.Infra", "VolvoCar.Infra", "{ED369B93-6761-4775-BA2E-24A7CA6D229A}"
EndProject
Project("{FAE04EC0-301F-11D3-BF4B-00C04F79EFBC}") = "VolvoCar.Infra", "VolvoCar.Infra\VolvoCar.Infra\VolvoCar.Infra.csproj", "{8014D9AD-F227-4F92-BA8F-479872D2D260}"
EndProject
Project("{2150E333-8FDC-42A3-9474-1A3956D46DE8}") = "VolvoCar.SharedKernel", "VolvoCar.SharedKernel", "{9A48CB4F-786E-4110-A318-189F11E14CA0}"
EndProject
Project("{FAE04EC0-301F-11D3-BF4B-00C04F79EFBC}") = "VolvoCar.SharedKernel", "VolvoCar.SharedKernel\VolvoCar.SharedKernel\VolvoCar.SharedKernel.csproj", "{E13E39D1-A421-4411-A815-3F07CCEA53F0}"
EndProject
Project("{FAE04EC0-301F-11D3-BF4B-00C04F79EFBC}") = "VolvoCar.Core", "VolvoCar.Domain\VolvoCar.Core\VolvoCar.Core\VolvoCar.Core.csproj", "{9CED2BC5-F176-4887-82C3-90AACECEA417}"
EndProject
Project("{2150E333-8FDC-42A3-9474-1A3956D46DE8}") = "VolvoCar.Test", "VolvoCar.Test", "{EACD5196-152D-4C77-AE78-7CFFB412A3B2}"
EndProject
Project("{FAE04EC0-301F-11D3-BF4B-00C04F79EFBC}") = "VolvoCar.Test", "VolvoCar.Test\VolvoCar.Test\VolvoCar.Test\VolvoCar.Test.csproj", "{65392B91-1A93-49AB-B7F7-8B22F2989FE7}"
EndProject
Global
	GlobalSection(SolutionConfigurationPlatforms) = preSolution
		Debug|Any CPU = Debug|Any CPU
		Release|Any CPU = Release|Any CPU
	EndGlobalSection
	GlobalSection(ProjectConfigurationPlatforms) = postSolution
		{56FED0C7-4094-4DC9-A4A1-B85408693ADC}.Debug|Any CPU.ActiveCfg = Debug|Any CPU
		{56FED0C7-4094-4DC9-A4A1-B85408693ADC}.Debug|Any CPU.Build.0 = Debug|Any CPU
		{56FED0C7-4094-4DC9-A4A1-B85408693ADC}.Release|Any CPU.ActiveCfg = Release|Any CPU
		{56FED0C7-4094-4DC9-A4A1-B85408693ADC}.Release|Any CPU.Build.0 = Release|Any CPU
		{9AB79AE5-FDEF-4B88-AC35-291A7329EBF5}.Debug|Any CPU.ActiveCfg = Debug|Any CPU
		{9AB79AE5-FDEF-4B88-AC35-291A7329EBF5}.Debug|Any CPU.Build.0 = Debug|Any CPU
		{9AB79AE5-FDEF-4B88-AC35-291A7329EBF5}.Release|Any CPU.ActiveCfg = Release|Any CPU
		{9AB79AE5-FDEF-4B88-AC35-291A7329EBF5}.Release|Any CPU.Build.0 = Release|Any CPU
		{8014D9AD-F227-4F92-BA8F-479872D2D260}.Debug|Any CPU.ActiveCfg = Debug|Any CPU
		{8014D9AD-F227-4F92-BA8F-479872D2D260}.Debug|Any CPU.Build.0 = Debug|Any CPU
		{8014D9AD-F227-4F92-BA8F-479872D2D260}.Release|Any CPU.ActiveCfg = Release|Any CPU
		{8014D9AD-F227-4F92-BA8F-479872D2D260}.Release|Any CPU.Build.0 = Release|Any CPU
		{E13E39D1-A421-4411-A815-3F07CCEA53F0}.Debug|Any CPU.ActiveCfg = Debug|Any CPU
		{E13E39D1-A421-4411-A815-3F07CCEA53F0}.Debug|Any CPU.Build.0 = Debug|Any CPU
		{E13E39D1-A421-4411-A815-3F07CCEA53F0}.Release|Any CPU.ActiveCfg = Release|Any CPU
		{E13E39D1-A421-4411-A815-3F07CCEA53F0}.Release|Any CPU.Build.0 = Release|Any CPU
		{9CED2BC5-F176-4887-82C3-90AACECEA417}.Debug|Any CPU.ActiveCfg = Debug|Any CPU
		{9CED2BC5-F176-4887-82C3-90AACECEA417}.Debug|Any CPU.Build.0 = Debug|Any CPU
		{9CED2BC5-F176-4887-82C3-90AACECEA417}.Release|Any CPU.ActiveCfg = Release|Any CPU
		{9CED2BC5-F176-4887-82C3-90AACECEA417}.Release|Any CPU.Build.0 = Release|Any CPU
		{65392B91-1A93-49AB-B7F7-8B22F2989FE7}.Debug|Any CPU.ActiveCfg = Debug|Any CPU
		{65392B91-1A93-49AB-B7F7-8B22F2989FE7}.Debug|Any CPU.Build.0 = Debug|Any CPU
		{65392B91-1A93-49AB-B7F7-8B22F2989FE7}.Release|Any CPU.ActiveCfg = Release|Any CPU
		{65392B91-1A93-49AB-B7F7-8B22F2989FE7}.Release|Any CPU.Build.0 = Release|Any CPU
	EndGlobalSection
	GlobalSection(SolutionProperties) = preSolution
		HideSolutionNode = FALSE
	EndGlobalSection
	GlobalSection(NestedProjects) = preSolution
		{9AB79AE5-FDEF-4B88-AC35-291A7329EBF5} = {F2DF0250-CBAA-47EB-AAD6-09F75FA719D9}
		{8014D9AD-F227-4F92-BA8F-479872D2D260} = {ED369B93-6761-4775-BA2E-24A7CA6D229A}
		{E13E39D1-A421-4411-A815-3F07CCEA53F0} = {9A48CB4F-786E-4110-A318-189F11E14CA0}
		{9CED2BC5-F176-4887-82C3-90AACECEA417} = {F2DF0250-CBAA-47EB-AAD6-09F75FA719D9}
		{65392B91-1A93-49AB-B7F7-8B22F2989FE7} = {EACD5196-152D-4C77-AE78-7CFFB412A3B2}
	EndGlobalSection
	GlobalSection(ExtensibilityGlobals) = postSolution
		SolutionGuid = {7A1B2020-EE15-4FC9-B46E-62606B90FEF4}
	EndGlobalSection
EndGlobal
